
Microsoft Visual Studio Solution File, Format Version 12.00
# Visual Studio 2013
VisualStudioVersion = 12.0.30501.0
MinimumVisualStudioVersion = 10.0.40219.1
Project("{FAE04EC0-301F-11D3-BF4B-00C04F79EFBC}") = "Yggdrasil", "..\Yggdrasil\Yggdrasil.csproj", "{8B90742D-9539-43C7-8D1C-66012B13F90A}"
EndProject
Project("{FAE04EC0-301F-11D3-BF4B-00C04F79EFBC}") = "Yggdrasil.Specs", "..\Yggdrasil.Specs\Yggdrasil.Specs.csproj", "{EB2270A8-DB73-4989-8B9C-03683FBCBA3F}"
EndProject
Project("{FAE04EC0-301F-11D3-BF4B-00C04F79EFBC}") = "Yggdrasil.MicroFramework", "..\Yggdrasil.MicroFramework\Yggdrasil.MicroFramework.csproj", "{45F4B08F-4C36-404C-B33F-637849E4C405}"
EndProject
Project("{FAE04EC0-301F-11D3-BF4B-00C04F79EFBC}") = "Yggdrasil.PostBuild", "..\Yggdrasil.PostBuild\Yggdrasil.PostBuild.csproj", "{A0C5956A-172D-4147-BA61-1205931CF527}"
EndProject
Project("{FAE04EC0-301F-11D3-BF4B-00C04F79EFBC}") = "Yggdrasil.Microframework.TestApp", "..\Yggdrasil.Microframework.TestApp\Yggdrasil.Microframework.TestApp.csproj", "{86806819-8E00-496E-AED0-B3D8DD74299C}"
EndProject
Project("{FAE04EC0-301F-11D3-BF4B-00C04F79EFBC}") = "Yggdrasil.WindowsPhone", "..\Yggdrasil.WindowsPhone\Yggdrasil.WindowsPhone.csproj", "{181A3F05-E679-4AC5-9BED-4B581E74C8F7}"
EndProject
Project("{2150E333-8FDC-42A3-9474-1A3956D46DE8}") = "Solution Items", "Solution Items", "{599EAC0C-6085-4273-BC9F-B84A69C71893}"
	ProjectSection(SolutionItems) = preProject
		..\Common\CommonAssemblyInfo.cs = ..\Common\CommonAssemblyInfo.cs
		..\CreatePackages.bat = ..\CreatePackages.bat
		..\PushToNuget.bat = ..\PushToNuget.bat
		..\Yggdrasil.nuspec = ..\Yggdrasil.nuspec
	EndProjectSection
EndProject
Project("{FAE04EC0-301F-11D3-BF4B-00C04F79EFBC}") = "Yggdrasil 8.1", "..\Yggdrasil\Yggdrasil 8.1.csproj", "{7C1F9B1B-3271-4A35-B288-4EB1356795C0}"
EndProject
Global
	GlobalSection(SolutionConfigurationPlatforms) = preSolution
		Debug|Any CPU = Debug|Any CPU
		Debug|ARM = Debug|ARM
		Debug|x64 = Debug|x64
		Debug|x86 = Debug|x86
		Release|Any CPU = Release|Any CPU
		Release|ARM = Release|ARM
		Release|x64 = Release|x64
		Release|x86 = Release|x86
	EndGlobalSection
	GlobalSection(ProjectConfigurationPlatforms) = postSolution
		{8B90742D-9539-43C7-8D1C-66012B13F90A}.Debug|Any CPU.ActiveCfg = Debug|Any CPU
		{8B90742D-9539-43C7-8D1C-66012B13F90A}.Debug|Any CPU.Build.0 = Debug|Any CPU
		{8B90742D-9539-43C7-8D1C-66012B13F90A}.Debug|ARM.ActiveCfg = Debug|Any CPU
		{8B90742D-9539-43C7-8D1C-66012B13F90A}.Debug|x64.ActiveCfg = Debug|Any CPU
		{8B90742D-9539-43C7-8D1C-66012B13F90A}.Debug|x86.ActiveCfg = Debug|Any CPU
		{8B90742D-9539-43C7-8D1C-66012B13F90A}.Release|Any CPU.ActiveCfg = Release|Any CPU
		{8B90742D-9539-43C7-8D1C-66012B13F90A}.Release|Any CPU.Build.0 = Release|Any CPU
		{8B90742D-9539-43C7-8D1C-66012B13F90A}.Release|ARM.ActiveCfg = Release|Any CPU
		{8B90742D-9539-43C7-8D1C-66012B13F90A}.Release|x64.ActiveCfg = Release|Any CPU
		{8B90742D-9539-43C7-8D1C-66012B13F90A}.Release|x86.ActiveCfg = Release|Any CPU
		{EB2270A8-DB73-4989-8B9C-03683FBCBA3F}.Debug|Any CPU.ActiveCfg = Debug|Any CPU
		{EB2270A8-DB73-4989-8B9C-03683FBCBA3F}.Debug|Any CPU.Build.0 = Debug|Any CPU
		{EB2270A8-DB73-4989-8B9C-03683FBCBA3F}.Debug|ARM.ActiveCfg = Debug|Any CPU
		{EB2270A8-DB73-4989-8B9C-03683FBCBA3F}.Debug|x64.ActiveCfg = Debug|Any CPU
		{EB2270A8-DB73-4989-8B9C-03683FBCBA3F}.Debug|x86.ActiveCfg = Debug|Any CPU
		{EB2270A8-DB73-4989-8B9C-03683FBCBA3F}.Release|Any CPU.ActiveCfg = Release|Any CPU
		{EB2270A8-DB73-4989-8B9C-03683FBCBA3F}.Release|Any CPU.Build.0 = Release|Any CPU
		{EB2270A8-DB73-4989-8B9C-03683FBCBA3F}.Release|ARM.ActiveCfg = Release|Any CPU
		{EB2270A8-DB73-4989-8B9C-03683FBCBA3F}.Release|x64.ActiveCfg = Release|Any CPU
		{EB2270A8-DB73-4989-8B9C-03683FBCBA3F}.Release|x86.ActiveCfg = Release|Any CPU
		{45F4B08F-4C36-404C-B33F-637849E4C405}.Debug|Any CPU.ActiveCfg = Debug|Any CPU
		{45F4B08F-4C36-404C-B33F-637849E4C405}.Debug|Any CPU.Build.0 = Debug|Any CPU
		{45F4B08F-4C36-404C-B33F-637849E4C405}.Debug|ARM.ActiveCfg = Debug|Any CPU
		{45F4B08F-4C36-404C-B33F-637849E4C405}.Debug|x64.ActiveCfg = Debug|Any CPU
		{45F4B08F-4C36-404C-B33F-637849E4C405}.Debug|x86.ActiveCfg = Debug|Any CPU
		{45F4B08F-4C36-404C-B33F-637849E4C405}.Release|Any CPU.ActiveCfg = Release|Any CPU
		{45F4B08F-4C36-404C-B33F-637849E4C405}.Release|Any CPU.Build.0 = Release|Any CPU
		{45F4B08F-4C36-404C-B33F-637849E4C405}.Release|ARM.ActiveCfg = Release|Any CPU
		{45F4B08F-4C36-404C-B33F-637849E4C405}.Release|x64.ActiveCfg = Release|Any CPU
		{45F4B08F-4C36-404C-B33F-637849E4C405}.Release|x86.ActiveCfg = Release|Any CPU
		{A0C5956A-172D-4147-BA61-1205931CF527}.Debug|Any CPU.ActiveCfg = Debug|Any CPU
		{A0C5956A-172D-4147-BA61-1205931CF527}.Debug|Any CPU.Build.0 = Debug|Any CPU
		{A0C5956A-172D-4147-BA61-1205931CF527}.Debug|ARM.ActiveCfg = Debug|Any CPU
		{A0C5956A-172D-4147-BA61-1205931CF527}.Debug|x64.ActiveCfg = Debug|Any CPU
		{A0C5956A-172D-4147-BA61-1205931CF527}.Debug|x86.ActiveCfg = Debug|Any CPU
		{A0C5956A-172D-4147-BA61-1205931CF527}.Release|Any CPU.ActiveCfg = Release|Any CPU
		{A0C5956A-172D-4147-BA61-1205931CF527}.Release|Any CPU.Build.0 = Release|Any CPU
		{A0C5956A-172D-4147-BA61-1205931CF527}.Release|ARM.ActiveCfg = Release|Any CPU
		{A0C5956A-172D-4147-BA61-1205931CF527}.Release|x64.ActiveCfg = Release|Any CPU
		{A0C5956A-172D-4147-BA61-1205931CF527}.Release|x86.ActiveCfg = Release|Any CPU
		{86806819-8E00-496E-AED0-B3D8DD74299C}.Debug|Any CPU.ActiveCfg = Debug|Any CPU
		{86806819-8E00-496E-AED0-B3D8DD74299C}.Debug|Any CPU.Build.0 = Debug|Any CPU
		{86806819-8E00-496E-AED0-B3D8DD74299C}.Debug|Any CPU.Deploy.0 = Debug|Any CPU
		{86806819-8E00-496E-AED0-B3D8DD74299C}.Debug|ARM.ActiveCfg = Debug|Any CPU
		{86806819-8E00-496E-AED0-B3D8DD74299C}.Debug|x64.ActiveCfg = Debug|Any CPU
		{86806819-8E00-496E-AED0-B3D8DD74299C}.Debug|x86.ActiveCfg = Debug|Any CPU
		{86806819-8E00-496E-AED0-B3D8DD74299C}.Release|Any CPU.ActiveCfg = Release|Any CPU
		{86806819-8E00-496E-AED0-B3D8DD74299C}.Release|Any CPU.Build.0 = Release|Any CPU
		{86806819-8E00-496E-AED0-B3D8DD74299C}.Release|Any CPU.Deploy.0 = Release|Any CPU
		{86806819-8E00-496E-AED0-B3D8DD74299C}.Release|ARM.ActiveCfg = Release|Any CPU
		{86806819-8E00-496E-AED0-B3D8DD74299C}.Release|x64.ActiveCfg = Release|Any CPU
		{86806819-8E00-496E-AED0-B3D8DD74299C}.Release|x86.ActiveCfg = Release|Any CPU
		{181A3F05-E679-4AC5-9BED-4B581E74C8F7}.Debug|Any CPU.ActiveCfg = Debug|Any CPU
		{181A3F05-E679-4AC5-9BED-4B581E74C8F7}.Debug|Any CPU.Build.0 = Debug|Any CPU
		{181A3F05-E679-4AC5-9BED-4B581E74C8F7}.Debug|ARM.ActiveCfg = Debug|ARM
		{181A3F05-E679-4AC5-9BED-4B581E74C8F7}.Debug|ARM.Build.0 = Debug|ARM
		{181A3F05-E679-4AC5-9BED-4B581E74C8F7}.Debug|x64.ActiveCfg = Debug|Any CPU
		{181A3F05-E679-4AC5-9BED-4B581E74C8F7}.Debug|x86.ActiveCfg = Debug|x86
		{181A3F05-E679-4AC5-9BED-4B581E74C8F7}.Debug|x86.Build.0 = Debug|x86
		{181A3F05-E679-4AC5-9BED-4B581E74C8F7}.Release|Any CPU.ActiveCfg = Release|Any CPU
		{181A3F05-E679-4AC5-9BED-4B581E74C8F7}.Release|Any CPU.Build.0 = Release|Any CPU
		{181A3F05-E679-4AC5-9BED-4B581E74C8F7}.Release|ARM.ActiveCfg = Release|ARM
		{181A3F05-E679-4AC5-9BED-4B581E74C8F7}.Release|ARM.Build.0 = Release|ARM
		{181A3F05-E679-4AC5-9BED-4B581E74C8F7}.Release|x64.ActiveCfg = Release|Any CPU
		{181A3F05-E679-4AC5-9BED-4B581E74C8F7}.Release|x86.ActiveCfg = Release|x86
		{181A3F05-E679-4AC5-9BED-4B581E74C8F7}.Release|x86.Build.0 = Release|x86
		{7C1F9B1B-3271-4A35-B288-4EB1356795C0}.Debug|Any CPU.ActiveCfg = Debug|Any CPU
		{7C1F9B1B-3271-4A35-B288-4EB1356795C0}.Debug|Any CPU.Build.0 = Debug|Any CPU
		{7C1F9B1B-3271-4A35-B288-4EB1356795C0}.Debug|ARM.ActiveCfg = Debug|ARM
		{7C1F9B1B-3271-4A35-B288-4EB1356795C0}.Debug|ARM.Build.0 = Debug|ARM
		{7C1F9B1B-3271-4A35-B288-4EB1356795C0}.Debug|x64.ActiveCfg = Debug|x64
		{7C1F9B1B-3271-4A35-B288-4EB1356795C0}.Debug|x64.Build.0 = Debug|x64
		{7C1F9B1B-3271-4A35-B288-4EB1356795C0}.Debug|x86.ActiveCfg = Debug|x86
		{7C1F9B1B-3271-4A35-B288-4EB1356795C0}.Debug|x86.Build.0 = Debug|x86
		{7C1F9B1B-3271-4A35-B288-4EB1356795C0}.Release|Any CPU.ActiveCfg = Release|Any CPU
		{7C1F9B1B-3271-4A35-B288-4EB1356795C0}.Release|Any CPU.Build.0 = Release|Any CPU
		{7C1F9B1B-3271-4A35-B288-4EB1356795C0}.Release|ARM.ActiveCfg = Release|ARM
		{7C1F9B1B-3271-4A35-B288-4EB1356795C0}.Release|ARM.Build.0 = Release|ARM
		{7C1F9B1B-3271-4A35-B288-4EB1356795C0}.Release|x64.ActiveCfg = Release|x64
		{7C1F9B1B-3271-4A35-B288-4EB1356795C0}.Release|x64.Build.0 = Release|x64
		{7C1F9B1B-3271-4A35-B288-4EB1356795C0}.Release|x86.ActiveCfg = Release|x86
		{7C1F9B1B-3271-4A35-B288-4EB1356795C0}.Release|x86.Build.0 = Release|x86
	EndGlobalSection
	GlobalSection(SolutionProperties) = preSolution
		HideSolutionNode = FALSE
	EndGlobalSection
EndGlobal
